
Microsoft Visual Studio Solution File, Format Version 12.00
# Visual Studio Version 17
VisualStudioVersion = 17.5.33530.505
MinimumVisualStudioVersion = 10.0.40219.1
Project("{FAE04EC0-301F-11D3-BF4B-00C04F79EFBC}") = "QuanLiTourDuLich", "QuanLiTourDuLich\QuanLiTourDuLich.csproj", "{077EDF0D-3309-4CC1-974F-4FAD4C69230E}"
EndProject
Global
	GlobalSection(SolutionConfigurationPlatforms) = preSolution
		Debug|Any CPU = Debug|Any CPU
		Release|Any CPU = Release|Any CPU
	EndGlobalSection
	GlobalSection(ProjectConfigurationPlatforms) = postSolution
		{077EDF0D-3309-4CC1-974F-4FAD4C69230E}.Debug|Any CPU.ActiveCfg = Debug|Any CPU
		{077EDF0D-3309-4CC1-974F-4FAD4C69230E}.Debug|Any CPU.Build.0 = Debug|Any CPU
		{077EDF0D-3309-4CC1-974F-4FAD4C69230E}.Release|Any CPU.ActiveCfg = Release|Any CPU
		{077EDF0D-3309-4CC1-974F-4FAD4C69230E}.Release|Any CPU.Build.0 = Release|Any CPU
	EndGlobalSection
	GlobalSection(SolutionProperties) = preSolution
		HideSolutionNode = FALSE
	EndGlobalSection
	GlobalSection(ExtensibilityGlobals) = postSolution
		SolutionGuid = {810CBE46-E699-4C03-AA72-1B236A7FBEDC}
	EndGlobalSection
EndGlobal
